
Microsoft Visual Studio Solution File, Format Version 12.00
# Visual Studio 15
VisualStudioVersion = 15.0.27703.2035
MinimumVisualStudioVersion = 10.0.40219.1
Project("{FAE04EC0-301F-11D3-BF4B-00C04F79EFBC}") = "FinancesDataAccess", "FinancesDataAccess\FinancesDataAccess.csproj", "{D929FD31-F792-4387-86D2-4D76E370E91B}"
EndProject
Project("{FAE04EC0-301F-11D3-BF4B-00C04F79EFBC}") = "FinancesDataAccess.TestConsole", "FinancesDataAccess.TestConsole\FinancesDataAccess.TestConsole.csproj", "{679DBD34-CEF3-4DE4-B4CE-6EDBB08C1794}"
EndProject
Project("{9A19103F-16F7-4668-BE54-9A1E7A4F7556}") = "SchoolDBFromEntities", "SchoolDataAccess\SchoolDBFromEntities.csproj", "{B4D3163A-0795-4E05-9514-DAB6057BA430}"
EndProject
Global
	GlobalSection(SolutionConfigurationPlatforms) = preSolution
		Debug|Any CPU = Debug|Any CPU
		Release|Any CPU = Release|Any CPU
	EndGlobalSection
	GlobalSection(ProjectConfigurationPlatforms) = postSolution
		{D929FD31-F792-4387-86D2-4D76E370E91B}.Debug|Any CPU.ActiveCfg = Debug|Any CPU
		{D929FD31-F792-4387-86D2-4D76E370E91B}.Debug|Any CPU.Build.0 = Debug|Any CPU
		{D929FD31-F792-4387-86D2-4D76E370E91B}.Release|Any CPU.ActiveCfg = Release|Any CPU
		{D929FD31-F792-4387-86D2-4D76E370E91B}.Release|Any CPU.Build.0 = Release|Any CPU
		{679DBD34-CEF3-4DE4-B4CE-6EDBB08C1794}.Debug|Any CPU.ActiveCfg = Debug|Any CPU
		{679DBD34-CEF3-4DE4-B4CE-6EDBB08C1794}.Debug|Any CPU.Build.0 = Debug|Any CPU
		{679DBD34-CEF3-4DE4-B4CE-6EDBB08C1794}.Release|Any CPU.ActiveCfg = Release|Any CPU
		{679DBD34-CEF3-4DE4-B4CE-6EDBB08C1794}.Release|Any CPU.Build.0 = Release|Any CPU
		{B4D3163A-0795-4E05-9514-DAB6057BA430}.Debug|Any CPU.ActiveCfg = Debug|Any CPU
		{B4D3163A-0795-4E05-9514-DAB6057BA430}.Debug|Any CPU.Build.0 = Debug|Any CPU
		{B4D3163A-0795-4E05-9514-DAB6057BA430}.Release|Any CPU.ActiveCfg = Release|Any CPU
		{B4D3163A-0795-4E05-9514-DAB6057BA430}.Release|Any CPU.Build.0 = Release|Any CPU
	EndGlobalSection
	GlobalSection(SolutionProperties) = preSolution
		HideSolutionNode = FALSE
	EndGlobalSection
	GlobalSection(ExtensibilityGlobals) = postSolution
		SolutionGuid = {7AEFB5FB-89A9-4B0A-8DB7-9A593CA51664}
	EndGlobalSection
EndGlobal
